
Microsoft Visual Studio Solution File, Format Version 12.00
# Visual Studio Version 17
VisualStudioVersion = 17.7.34202.233
MinimumVisualStudioVersion = 10.0.40219.1
Project("{FAE04EC0-301F-11D3-BF4B-00C04F79EFBC}") = "WebProgramlamaOdev", "WebProgramlamaOdev\WebProgramlamaOdev.csproj", "{475D4299-76E5-4B6E-ABD4-8CC9E05CEFDD}"
EndProject
Global
	GlobalSection(SolutionConfigurationPlatforms) = preSolution
		Debug|Any CPU = Debug|Any CPU
		Release|Any CPU = Release|Any CPU
	EndGlobalSection
	GlobalSection(ProjectConfigurationPlatforms) = postSolution
		{475D4299-76E5-4B6E-ABD4-8CC9E05CEFDD}.Debug|Any CPU.ActiveCfg = Debug|Any CPU
		{475D4299-76E5-4B6E-ABD4-8CC9E05CEFDD}.Debug|Any CPU.Build.0 = Debug|Any CPU
		{475D4299-76E5-4B6E-ABD4-8CC9E05CEFDD}.Release|Any CPU.ActiveCfg = Release|Any CPU
		{475D4299-76E5-4B6E-ABD4-8CC9E05CEFDD}.Release|Any CPU.Build.0 = Release|Any CPU
	EndGlobalSection
	GlobalSection(SolutionProperties) = preSolution
		HideSolutionNode = FALSE
	EndGlobalSection
	GlobalSection(ExtensibilityGlobals) = postSolution
		SolutionGuid = {7168CEFD-7FCC-4EB4-BD03-A11429FD497C}
	EndGlobalSection
EndGlobal
